
Microsoft Visual Studio Solution File, Format Version 12.00
# Visual Studio 2012
Project("{FAE04EC0-301F-11D3-BF4B-00C04F79EFBC}") = "SignalrSample", "SignalrSample\SignalrSample.csproj", "{445CA737-FCDC-4C33-8024-41F01BDEC5CB}"
EndProject
Project("{2150E333-8FDC-42A3-9474-1A3956D46DE8}") = ".nuget", ".nuget", "{071BE74D-07F0-43BD-BA2E-F9DD0619C8E4}"
	ProjectSection(SolutionItems) = preProject
		.nuget\NuGet.Config = .nuget\NuGet.Config
		.nuget\NuGet.exe = .nuget\NuGet.exe
		.nuget\NuGet.targets = .nuget\NuGet.targets
	EndProjectSection
EndProject
Project("{FAE04EC0-301F-11D3-BF4B-00C04F79EFBC}") = "ConsoleApplication1", "ConsoleApplication1\ConsoleApplication1.csproj", "{409A26A4-68DE-40C9-8CF2-B8524F0BECA8}"
EndProject
Global
	GlobalSection(TeamFoundationVersionControl) = preSolution
		SccNumberOfProjects = 3
		SccEnterpriseProvider = {4CA58AB2-18FA-4F8D-95D4-32DDF27D184C}
		SccTeamFoundationServer = https://britishcouncil.visualstudio.com/defaultcollection
		SccLocalPath0 = .
		SccProjectUniqueName1 = SignalrSample\\SignalrSample.csproj
		SccProjectName1 = SignalrSample
		SccLocalPath1 = SignalrSample
		SccProjectUniqueName2 = ConsoleApplication1\\ConsoleApplication1.csproj
		SccProjectName2 = ConsoleApplication1
		SccLocalPath2 = ConsoleApplication1
	EndGlobalSection
	GlobalSection(SolutionConfigurationPlatforms) = preSolution
		Debug|Any CPU = Debug|Any CPU
		Release|Any CPU = Release|Any CPU
	EndGlobalSection
	GlobalSection(ProjectConfigurationPlatforms) = postSolution
		{445CA737-FCDC-4C33-8024-41F01BDEC5CB}.Debug|Any CPU.ActiveCfg = Debug|Any CPU
		{445CA737-FCDC-4C33-8024-41F01BDEC5CB}.Debug|Any CPU.Build.0 = Debug|Any CPU
		{445CA737-FCDC-4C33-8024-41F01BDEC5CB}.Release|Any CPU.ActiveCfg = Release|Any CPU
		{445CA737-FCDC-4C33-8024-41F01BDEC5CB}.Release|Any CPU.Build.0 = Release|Any CPU
		{409A26A4-68DE-40C9-8CF2-B8524F0BECA8}.Debug|Any CPU.ActiveCfg = Debug|Any CPU
		{409A26A4-68DE-40C9-8CF2-B8524F0BECA8}.Debug|Any CPU.Build.0 = Debug|Any CPU
		{409A26A4-68DE-40C9-8CF2-B8524F0BECA8}.Release|Any CPU.ActiveCfg = Release|Any CPU
		{409A26A4-68DE-40C9-8CF2-B8524F0BECA8}.Release|Any CPU.Build.0 = Release|Any CPU
	EndGlobalSection
	GlobalSection(SolutionProperties) = preSolution
		HideSolutionNode = FALSE
	EndGlobalSection
EndGlobal
